// !$*UTF8*$!
{
	archiveVersion = 1;
	classes = {
	};
	objectVersion = 50;
	objects = {

/* Begin PBXBuildFile section */
		721DDE712183504B00F64772 /* main.swift in Sources */ = {isa = PBXBuildFile; fileRef = 721DDE702183504B00F64772 /* main.swift */; };
		721DDE7821845AB400F64772 /* Prototype.swift in Sources */ = {isa = PBXBuildFile; fileRef = 721DDE7721845AB400F64772 /* Prototype.swift */; };
		721DDE7A21846B3A00F64772 /* Factory.swift in Sources */ = {isa = PBXBuildFile; fileRef = 721DDE7921846B3A00F64772 /* Factory.swift */; };
		721DDE7C2184810300F64772 /* AbstractFactory.swift in Sources */ = {isa = PBXBuildFile; fileRef = 721DDE7B2184810300F64772 /* AbstractFactory.swift */; };
		721DDE7E2186044600F64772 /* Builder.swift in Sources */ = {isa = PBXBuildFile; fileRef = 721DDE7D2186044600F64772 /* Builder.swift */; };
		7243AA39219327EF00017CAA /* Adapter.swift in Sources */ = {isa = PBXBuildFile; fileRef = 7243AA38219327EF00017CAA /* Adapter.swift */; };
		7243AA3E21971B3A00017CAA /* Iterator.swift in Sources */ = {isa = PBXBuildFile; fileRef = 7243AA3D21971B3A00017CAA /* Iterator.swift */; };
		7243AA4021972F6F00017CAA /* TemplateMethod.swift in Sources */ = {isa = PBXBuildFile; fileRef = 7243AA3F21972F6F00017CAA /* TemplateMethod.swift */; };
		72A7468221861828009B3094 /* SingletonClass.swift in Sources */ = {isa = PBXBuildFile; fileRef = 72A7468121861828009B3094 /* SingletonClass.swift */; };
/* End PBXBuildFile section */

/* Begin PBXCopyFilesBuildPhase section */
		721DDE6B2183504B00F64772 /* CopyFiles */ = {
			isa = PBXCopyFilesBuildPhase;
			buildActionMask = 2147483647;
			dstPath = /usr/share/man/man1/;
			dstSubfolderSpec = 0;
			files = (
			);
			runOnlyForDeploymentPostprocessing = 1;
		};
/* End PBXCopyFilesBuildPhase section */

/* Begin PBXFileReference section */
		721DDE6D2183504B00F64772 /* SwiftDesignPattern */ = {isa = PBXFileReference; explicitFileType = "compiled.mach-o.executable"; includeInIndex = 0; path = SwiftDesignPattern; sourceTree = BUILT_PRODUCTS_DIR; };
		721DDE702183504B00F64772 /* main.swift */ = {isa = PBXFileReference; lastKnownFileType = sourcecode.swift; path = main.swift; sourceTree = "<group>"; };
		721DDE7721845AB400F64772 /* Prototype.swift */ = {isa = PBXFileReference; lastKnownFileType = sourcecode.swift; path = Prototype.swift; sourceTree = "<group>"; };
		721DDE7921846B3A00F64772 /* Factory.swift */ = {isa = PBXFileReference; lastKnownFileType = sourcecode.swift; path = Factory.swift; sourceTree = "<group>"; };
		721DDE7B2184810300F64772 /* AbstractFactory.swift */ = {isa = PBXFileReference; lastKnownFileType = sourcecode.swift; path = AbstractFactory.swift; sourceTree = "<group>"; };
		721DDE7D2186044600F64772 /* Builder.swift */ = {isa = PBXFileReference; lastKnownFileType = sourcecode.swift; path = Builder.swift; sourceTree = "<group>"; };
		7243AA38219327EF00017CAA /* Adapter.swift */ = {isa = PBXFileReference; lastKnownFileType = sourcecode.swift; path = Adapter.swift; sourceTree = "<group>"; };
		7243AA3D21971B3A00017CAA /* Iterator.swift */ = {isa = PBXFileReference; lastKnownFileType = sourcecode.swift; path = Iterator.swift; sourceTree = "<group>"; };
		7243AA3F21972F6F00017CAA /* TemplateMethod.swift */ = {isa = PBXFileReference; lastKnownFileType = sourcecode.swift; path = TemplateMethod.swift; sourceTree = "<group>"; };
		72A7468121861828009B3094 /* SingletonClass.swift */ = {isa = PBXFileReference; lastKnownFileType = sourcecode.swift; path = SingletonClass.swift; sourceTree = "<group>"; };
/* End PBXFileReference section */

/* Begin PBXFrameworksBuildPhase section */
		721DDE6A2183504B00F64772 /* Frameworks */ = {
			isa = PBXFrameworksBuildPhase;
			buildActionMask = 2147483647;
			files = (
			);
			runOnlyForDeploymentPostprocessing = 0;
		};
/* End PBXFrameworksBuildPhase section */

/* Begin PBXGroup section */
		721DDE642183504B00F64772 = {
			isa = PBXGroup;
			children = (
				721DDE6F2183504B00F64772 /* SwiftDesignPattern */,
				721DDE6E2183504B00F64772 /* Products */,
			);
			sourceTree = "<group>";
		};
		721DDE6E2183504B00F64772 /* Products */ = {
			isa = PBXGroup;
			children = (
				721DDE6D2183504B00F64772 /* SwiftDesignPattern */,
			);
			name = Products;
			sourceTree = "<group>";
		};
		721DDE6F2183504B00F64772 /* SwiftDesignPattern */ = {
			isa = PBXGroup;
			children = (
				721DDE702183504B00F64772 /* main.swift */,
				721DDE7721845AB400F64772 /* Prototype.swift */,
				7243AA3A2195643900017CAA /* CreationalPattern */,
				7243AA3B219564E600017CAA /* StructuralPattern */,
				7243AA3C21971AF700017CAA /* BehavioralPattern */,
			);
			path = SwiftDesignPattern;
			sourceTree = "<group>";
		};
		7243AA3A2195643900017CAA /* CreationalPattern */ = {
			isa = PBXGroup;
			children = (
				721DDE7921846B3A00F64772 /* Factory.swift */,
				721DDE7B2184810300F64772 /* AbstractFactory.swift */,
				721DDE7D2186044600F64772 /* Builder.swift */,
				72A7468121861828009B3094 /* SingletonClass.swift */,
			);
			path = CreationalPattern;
			sourceTree = "<group>";
		};
		7243AA3B219564E600017CAA /* StructuralPattern */ = {
			isa = PBXGroup;
			children = (
				7243AA38219327EF00017CAA /* Adapter.swift */,
			);
			path = StructuralPattern;
			sourceTree = "<group>";
		};
		7243AA3C21971AF700017CAA /* BehavioralPattern */ = {
			isa = PBXGroup;
			children = (
				7243AA3D21971B3A00017CAA /* Iterator.swift */,
				7243AA3F21972F6F00017CAA /* TemplateMethod.swift */,
			);
			path = BehavioralPattern;
			sourceTree = "<group>";
		};
/* End PBXGroup section */

/* Begin PBXNativeTarget section */
		721DDE6C2183504B00F64772 /* SwiftDesignPattern */ = {
			isa = PBXNativeTarget;
			buildConfigurationList = 721DDE742183504B00F64772 /* Build configuration list for PBXNativeTarget "SwiftDesignPattern" */;
			buildPhases = (
				721DDE692183504B00F64772 /* Sources */,
				721DDE6A2183504B00F64772 /* Frameworks */,
				721DDE6B2183504B00F64772 /* CopyFiles */,
			);
			buildRules = (
			);
			dependencies = (
			);
			name = SwiftDesignPattern;
			productName = SwiftDesignPattern;
			productReference = 721DDE6D2183504B00F64772 /* SwiftDesignPattern */;
			productType = "com.apple.product-type.tool";
		};
/* End PBXNativeTarget section */

/* Begin PBXProject section */
		721DDE652183504B00F64772 /* Project object */ = {
			isa = PBXProject;
			attributes = {
				LastSwiftUpdateCheck = 1000;
				LastUpgradeCheck = 1000;
				ORGANIZATIONNAME = Mr.Z;
				TargetAttributes = {
					721DDE6C2183504B00F64772 = {
						CreatedOnToolsVersion = 10.0;
					};
				};
			};
			buildConfigurationList = 721DDE682183504B00F64772 /* Build configuration list for PBXProject "SwiftDesignPattern" */;
			compatibilityVersion = "Xcode 9.3";
			developmentRegion = en;
			hasScannedForEncodings = 0;
			knownRegions = (
				en,
			);
			mainGroup = 721DDE642183504B00F64772;
			productRefGroup = 721DDE6E2183504B00F64772 /* Products */;
			projectDirPath = "";
			projectRoot = "";
			targets = (
				721DDE6C2183504B00F64772 /* SwiftDesignPattern */,
			);
		};
/* End PBXProject section */

/* Begin PBXSourcesBuildPhase section */
		721DDE692183504B00F64772 /* Sources */ = {
			isa = PBXSourcesBuildPhase;
			buildActionMask = 2147483647;
			files = (
				721DDE7C2184810300F64772 /* AbstractFactory.swift in Sources */,
				721DDE7821845AB400F64772 /* Prototype.swift in Sources */,
				721DDE7A21846B3A00F64772 /* Factory.swift in Sources */,
				7243AA3E21971B3A00017CAA /* Iterator.swift in Sources */,
				721DDE712183504B00F64772 /* main.swift in Sources */,
				721DDE7E2186044600F64772 /* Builder.swift in Sources */,
				72A7468221861828009B3094 /* SingletonClass.swift in Sources */,
				7243AA4021972F6F00017CAA /* TemplateMethod.swift in Sources */,
				7243AA39219327EF00017CAA /* Adapter.swift in Sources */,
			);
			runOnlyForDeploymentPostprocessing = 0;
		};
/* End PBXSourcesBuildPhase section */

/* Begin XCBuildConfiguration section */
		721DDE722183504B00F64772 /* Debug */ = {
			isa = XCBuildConfiguration;
			buildSettings = {
				ALWAYS_SEARCH_USER_PATHS = NO;
				CLANG_ANALYZER_NONNULL = YES;
				CLANG_ANALYZER_NUMBER_OBJECT_CONVERSION = YES_AGGRESSIVE;
				CLANG_CXX_LANGUAGE_STANDARD = "gnu++14";
				CLANG_CXX_LIBRARY = "libc++";
				CLANG_ENABLE_MODULES = YES;
				CLANG_ENABLE_OBJC_ARC = YES;
				CLANG_ENABLE_OBJC_WEAK = YES;
				CLANG_WARN_BLOCK_CAPTURE_AUTORELEASING = YES;
				CLANG_WARN_BOOL_CONVERSION = YES;
				CLANG_WARN_COMMA = YES;
				CLANG_WARN_CONSTANT_CONVERSION = YES;
				CLANG_WARN_DEPRECATED_OBJC_IMPLEMENTATIONS = YES;
				CLANG_WARN_DIRECT_OBJC_ISA_USAGE = YES_ERROR;
				CLANG_WARN_DOCUMENTATION_COMMENTS = YES;
				CLANG_WARN_EMPTY_BODY = YES;
				CLANG_WARN_ENUM_CONVERSION = YES;
				CLANG_WARN_INFINITE_RECURSION = YES;
				CLANG_WARN_INT_CONVERSION = YES;
				CLANG_WARN_NON_LITERAL_NULL_CONVERSION = YES;
				CLANG_WARN_OBJC_IMPLICIT_RETAIN_SELF = YES;
				CLANG_WARN_OBJC_LITERAL_CONVERSION = YES;
				CLANG_WARN_OBJC_ROOT_CLASS = YES_ERROR;
				CLANG_WARN_RANGE_LOOP_ANALYSIS = YES;
				CLANG_WARN_STRICT_PROTOTYPES = YES;
				CLANG_WARN_SUSPICIOUS_MOVE = YES;
				CLANG_WARN_UNGUARDED_AVAILABILITY = YES_AGGRESSIVE;
				CLANG_WARN_UNREACHABLE_CODE = YES;
				CLANG_WARN__DUPLICATE_METHOD_MATCH = YES;
				CODE_SIGN_IDENTITY = "Mac Developer";
				COPY_PHASE_STRIP = NO;
				DEBUG_INFORMATION_FORMAT = dwarf;
				ENABLE_STRICT_OBJC_MSGSEND = YES;
				ENABLE_TESTABILITY = YES;
				GCC_C_LANGUAGE_STANDARD = gnu11;
				GCC_DYNAMIC_NO_PIC = NO;
				GCC_NO_COMMON_BLOCKS = YES;
				GCC_OPTIMIZATION_LEVEL = 0;
				GCC_PREPROCESSOR_DEFINITIONS = (
					"DEBUG=1",
					"$(inherited)",
				);
				GCC_WARN_64_TO_32_BIT_CONVERSION = YES;
				GCC_WARN_ABOUT_RETURN_TYPE = YES_ERROR;
				GCC_WARN_UNDECLARED_SELECTOR = YES;
				GCC_WARN_UNINITIALIZED_AUTOS = YES_AGGRESSIVE;
				GCC_WARN_UNUSED_FUNCTION = YES;
				GCC_WARN_UNUSED_VARIABLE = YES;
				MACOSX_DEPLOYMENT_TARGET = 10.13;
				MTL_ENABLE_DEBUG_INFO = INCLUDE_SOURCE;
				MTL_FAST_MATH = YES;
				ONLY_ACTIVE_ARCH = YES;
				SDKROOT = macosx;
				SWIFT_ACTIVE_COMPILATION_CONDITIONS = DEBUG;
				SWIFT_OPTIMIZATION_LEVEL = "-Onone";
			};
			name = Debug;
		};
		721DDE732183504B00F64772 /* Release */ = {
			isa = XCBuildConfiguration;
			buildSettings = {
				ALWAYS_SEARCH_USER_PATHS = NO;
				CLANG_ANALYZER_NONNULL = YES;
				CLANG_ANALYZER_NUMBER_OBJECT_CONVERSION = YES_AGGRESSIVE;
				CLANG_CXX_LANGUAGE_STANDARD = "gnu++14";
				CLANG_CXX_LIBRARY = "libc++";
				CLANG_ENABLE_MODULES = YES;
				CLANG_ENABLE_OBJC_ARC = YES;
				CLANG_ENABLE_OBJC_WEAK = YES;
				CLANG_WARN_BLOCK_CAPTURE_AUTORELEASING = YES;
				CLANG_WARN_BOOL_CONVERSION = YES;
				CLANG_WARN_COMMA = YES;
				CLANG_WARN_CONSTANT_CONVERSION = YES;
				CLANG_WARN_DEPRECATED_OBJC_IMPLEMENTATIONS = YES;
				CLANG_WARN_DIRECT_OBJC_ISA_USAGE = YES_ERROR;
				CLANG_WARN_DOCUMENTATION_COMMENTS = YES;
				CLANG_WARN_EMPTY_BODY = YES;
				CLANG_WARN_ENUM_CONVERSION = YES;
				CLANG_WARN_INFINITE_RECURSION = YES;
				CLANG_WARN_INT_CONVERSION = YES;
				CLANG_WARN_NON_LITERAL_NULL_CONVERSION = YES;
				CLANG_WARN_OBJC_IMPLICIT_RETAIN_SELF = YES;
				CLANG_WARN_OBJC_LITERAL_CONVERSION = YES;
				CLANG_WARN_OBJC_ROOT_CLASS = YES_ERROR;
				CLANG_WARN_RANGE_LOOP_ANALYSIS = YES;
				CLANG_WARN_STRICT_PROTOTYPES = YES;
				CLANG_WARN_SUSPICIOUS_MOVE = YES;
				CLANG_WARN_UNGUARDED_AVAILABILITY = YES_AGGRESSIVE;
				CLANG_WARN_UNREACHABLE_CODE = YES;
				CLANG_WARN__DUPLICATE_METHOD_MATCH = YES;
				CODE_SIGN_IDENTITY = "Mac Developer";
				COPY_PHASE_STRIP = NO;
				DEBUG_INFORMATION_FORMAT = "dwarf-with-dsym";
				ENABLE_NS_ASSERTIONS = NO;
				ENABLE_STRICT_OBJC_MSGSEND = YES;
				GCC_C_LANGUAGE_STANDARD = gnu11;
				GCC_NO_COMMON_BLOCKS = YES;
				GCC_WARN_64_TO_32_BIT_CONVERSION = YES;
				GCC_WARN_ABOUT_RETURN_TYPE = YES_ERROR;
				GCC_WARN_UNDECLARED_SELECTOR = YES;
				GCC_WARN_UNINITIALIZED_AUTOS = YES_AGGRESSIVE;
				GCC_WARN_UNUSED_FUNCTION = YES;
				GCC_WARN_UNUSED_VARIABLE = YES;
				MACOSX_DEPLOYMENT_TARGET = 10.13;
				MTL_ENABLE_DEBUG_INFO = NO;
				MTL_FAST_MATH = YES;
				SDKROOT = macosx;
				SWIFT_COMPILATION_MODE = wholemodule;
				SWIFT_OPTIMIZATION_LEVEL = "-O";
			};
			name = Release;
		};
		721DDE752183504B00F64772 /* Debug */ = {
			isa = XCBuildConfiguration;
			buildSettings = {
				CODE_SIGN_STYLE = Automatic;
				DEVELOPMENT_TEAM = C8R3HK2N2D;
				PRODUCT_NAME = "$(TARGET_NAME)";
				SWIFT_VERSION = 4.2;
			};
			name = Debug;
		};
		721DDE762183504B00F64772 /* Release */ = {
			isa = XCBuildConfiguration;
			buildSettings = {
				CODE_SIGN_STYLE = Automatic;
				DEVELOPMENT_TEAM = C8R3HK2N2D;
				PRODUCT_NAME = "$(TARGET_NAME)";
				SWIFT_VERSION = 4.2;
			};
			name = Release;
		};
/* End XCBuildConfiguration section */

/* Begin XCConfigurationList section */
		721DDE682183504B00F64772 /* Build configuration list for PBXProject "SwiftDesignPattern" */ = {
			isa = XCConfigurationList;
			buildConfigurations = (
				721DDE722183504B00F64772 /* Debug */,
				721DDE732183504B00F64772 /* Release */,
			);
			defaultConfigurationIsVisible = 0;
			defaultConfigurationName = Release;
		};
		721DDE742183504B00F64772 /* Build configuration list for PBXNativeTarget "SwiftDesignPattern" */ = {
			isa = XCConfigurationList;
			buildConfigurations = (
				721DDE752183504B00F64772 /* Debug */,
				721DDE762183504B00F64772 /* Release */,
			);
			defaultConfigurationIsVisible = 0;
			defaultConfigurationName = Release;
		};
/* End XCConfigurationList section */
	};
	rootObject = 721DDE652183504B00F64772 /* Project object */;
}
